
Microsoft Visual Studio Solution File, Format Version 12.00
# Visual Studio Version 17
VisualStudioVersion = 17.2.32630.192
MinimumVisualStudioVersion = 10.0.40219.1
Project("{FAE04EC0-301F-11D3-BF4B-00C04F79EFBC}") = "belajarLogin", "belajarLogin.csproj", "{AEA40936-A9E4-4C65-B4BC-3E4D9FEE6BD2}"
EndProject
Global
	GlobalSection(SolutionConfigurationPlatforms) = preSolution
		Debug|Any CPU = Debug|Any CPU
		Release|Any CPU = Release|Any CPU
	EndGlobalSection
	GlobalSection(ProjectConfigurationPlatforms) = postSolution
		{AEA40936-A9E4-4C65-B4BC-3E4D9FEE6BD2}.Debug|Any CPU.ActiveCfg = Debug|Any CPU
		{AEA40936-A9E4-4C65-B4BC-3E4D9FEE6BD2}.Debug|Any CPU.Build.0 = Debug|Any CPU
		{AEA40936-A9E4-4C65-B4BC-3E4D9FEE6BD2}.Release|Any CPU.ActiveCfg = Release|Any CPU
		{AEA40936-A9E4-4C65-B4BC-3E4D9FEE6BD2}.Release|Any CPU.Build.0 = Release|Any CPU
	EndGlobalSection
	GlobalSection(SolutionProperties) = preSolution
		HideSolutionNode = FALSE
	EndGlobalSection
	GlobalSection(ExtensibilityGlobals) = postSolution
		SolutionGuid = {DED7E064-7002-4895-9140-34B76F92A69E}
	EndGlobalSection
EndGlobal
